dependencies:
  espressif/cmake_utilities:
    dependencies: []
    source:
      path: C:\Users\GrieferPig\bttest\components\espressif__cmake_utilities
      type: local
    version: 0.5.3
  espressif/extended_vfs:
    dependencies: []
    source:
      path: C:\Users\GrieferPig\bttest\components\espressif__extended_vfs
      type: local
    version: 0.3.2
  espressif/network_provisioning:
    dependencies: []
    source:
      path: C:\Users\GrieferPig\bttest\components\espressif__network_provisioning
      type: local
    version: 1.2.2
  espressif/wasm-micro-runtime:
    dependencies: []
    source:
      path: C:\Users\GrieferPig\bttest\components\espressif__wasm-micro-runtime
      type: local
    version: 2.4.0~1
  espressif/wasmachine_data_sequence:
    dependencies: []
    source:
      path: C:\Users\GrieferPig\bttest\components\espressif__wasmachine_data_sequence
      type: local
    version: 0.1.0~3
  espressif/wasmachine_ext_wasm_native:
    dependencies: []
    source:
      path: C:\Users\GrieferPig\bttest\components\espressif__wasmachine_ext_wasm_native
      type: local
    version: 0.5.0
  espressif/wasmachine_ext_wasm_vfs:
    dependencies: []
    source:
      path: C:\Users\GrieferPig\bttest\components\espressif__wasmachine_ext_wasm_vfs
      type: local
    version: 0.1.1~1
  espressif/wasmachine_shell:
    dependencies: []
    source:
      path: C:\Users\GrieferPig\bttest\components\espressif__wasmachine_shell
      type: local
    version: 0.1.1~1
  idf:
    source:
      type: idf
    version: 5.5.1
  joltwallet/littlefs:
    component_hash: dcea25bcef2de023f089f5f01e8d8c46ad1b8ffef75861ad5ffb4098555839df
    dependencies:
    - name: idf
      require: private
      version: '>=5.0'
    source:
      registry_url: https://components.espressif.com/
      type: service
    version: 1.20.4
direct_dependencies:
- espressif/cmake_utilities
- espressif/extended_vfs
- espressif/network_provisioning
- espressif/wasm-micro-runtime
- espressif/wasmachine_data_sequence
- espressif/wasmachine_ext_wasm_native
- espressif/wasmachine_ext_wasm_vfs
- espressif/wasmachine_shell
- idf
- joltwallet/littlefs
manifest_hash: 24aeb6799c052cdb6bfd8f50d1fe8f7ea8ad8477f9f5a7b42dd92ff0a439c915
target: esp32
version: 2.0.0
