dependencies:
  espressif/cmake_utilities:
    component_hash: 351350613ceafba240b761b4ea991e0f231ac7a9f59a9ee901f751bddc0bb18f
    dependencies:
    - name: idf
      require: private
      version: '>=4.1'
    source:
      registry_url: https://components.espressif.com/
      type: service
    version: 0.5.3
  espressif/extended_vfs:
    dependencies: []
    source:
      path: C:\Users\GrieferPig\bttest\components\espressif__extended_vfs
      type: local
    version: 0.3.2
  espressif/network_provisioning:
    dependencies: []
    source:
      path: C:\Users\GrieferPig\bttest\components\espressif__network_provisioning
      type: local
    version: 1.2.2
  espressif/wasm-micro-runtime:
    dependencies: []
    source:
      path: C:\Users\GrieferPig\bttest\components\espressif__wasm-micro-runtime
      type: local
    version: 2.4.0~1
  espressif/wasmachine_data_sequence:
    dependencies: []
    source:
      path: C:\Users\GrieferPig\bttest\components\espressif__wasmachine_data_sequence
      type: local
    version: 0.1.0~3
  espressif/wasmachine_ext_wasm_native:
    dependencies: []
    source:
      path: C:\Users\GrieferPig\bttest\components\espressif__wasmachine_ext_wasm_native
      type: local
    version: 0.5.0
  espressif/wasmachine_ext_wasm_vfs:
    dependencies: []
    source:
      path: C:\Users\GrieferPig\bttest\components\espressif__wasmachine_ext_wasm_vfs
      type: local
    version: 0.1.1~1
  espressif/wasmachine_shell:
    component_hash: 099cded980fc98877ed46cc9f4bdb7a9dea9c6c509f7906018625ebc0be1b92b
    dependencies:
    - name: idf
      require: private
      version: '>=5.1'
    source:
      registry_url: https://components.espressif.com/
      type: service
    version: 0.1.1~1
  idf:
    source:
      type: idf
    version: 5.5.1
  joltwallet/littlefs:
    component_hash: dcea25bcef2de023f089f5f01e8d8c46ad1b8ffef75861ad5ffb4098555839df
    dependencies:
    - name: idf
      require: private
      version: '>=5.0'
    source:
      registry_url: https://components.espressif.com/
      type: service
    version: 1.20.4
direct_dependencies:
- espressif/cmake_utilities
- espressif/extended_vfs
- espressif/network_provisioning
- espressif/wasm-micro-runtime
- espressif/wasmachine_data_sequence
- espressif/wasmachine_ext_wasm_native
- espressif/wasmachine_ext_wasm_vfs
- espressif/wasmachine_shell
- idf
- joltwallet/littlefs
manifest_hash: 7c479aa95bb98a6bb244310ce0b2d72019a5a2a63098eb3466c083b601d21b08
target: esp32
version: 2.0.0
