# This file is automatically @generated by Cargo.
# It is not intended for manual editing.
version = 4

[[package]]
name = "google-get"
version = "0.1.0"
dependencies = [
 "jukeboy",
 "jukeboy-net",
]

[[package]]
name = "hello"
version = "0.1.0"
dependencies = [
 "jukeboy",
]

[[package]]
name = "jukeboy"
version = "0.1.0"
dependencies = [
 "jukeboy-sys",
]

[[package]]
name = "jukeboy-net"
version = "0.1.0"

[[package]]
name = "jukeboy-sys"
version = "0.1.0"

[[package]]
name = "net-echo"
version = "0.1.0"
dependencies = [
 "jukeboy",
 "jukeboy-net",
]

[[package]]
name = "player-control"
version = "0.1.0"
dependencies = [
 "jukeboy",
]
